// !$*UTF8*$!
{
	archiveVersion = 1;
	classes = {
	};
	objectVersion = 50;
	objects = {

/* Begin PBXBuildFile section */
		8423C7FB259B05E400ABCA21 /* AppDelegate.swift in Sources */ = {isa = PBXBuildFile; fileRef = 8423C7FA259B05E400ABCA21 /* AppDelegate.swift */; };
		8423C7FD259B05E400ABCA21 /* SceneDelegate.swift in Sources */ = {isa = PBXBuildFile; fileRef = 8423C7FC259B05E400ABCA21 /* SceneDelegate.swift */; };
		8423C7FF259B05E400ABCA21 /* ViewController.swift in Sources */ = {isa = PBXBuildFile; fileRef = 8423C7FE259B05E400ABCA21 /* ViewController.swift */; };
		8423C802259B05E400ABCA21 /* Main.storyboard in Resources */ = {isa = PBXBuildFile; fileRef = 8423C800259B05E400ABCA21 /* Main.storyboard */; };
		8423C804259B05E700ABCA21 /* Assets.xcassets in Resources */ = {isa = PBXBuildFile; fileRef = 8423C803259B05E700ABCA21 /* Assets.xcassets */; };
		8423C807259B05E700ABCA21 /* LaunchScreen.storyboard in Resources */ = {isa = PBXBuildFile; fileRef = 8423C805259B05E700ABCA21 /* LaunchScreen.storyboard */; };
		8423C814259B068500ABCA21 /* CommentPopView.swift in Sources */ = {isa = PBXBuildFile; fileRef = 8423C813259B068500ABCA21 /* CommentPopView.swift */; };
		8423C817259B06A600ABCA21 /* CommentContainerView.swift in Sources */ = {isa = PBXBuildFile; fileRef = 8423C816259B06A600ABCA21 /* CommentContainerView.swift */; };
/* End PBXBuildFile section */

/* Begin PBXFileReference section */
		8423C7F7259B05E400ABCA21 /* ViewDragGestureDemo.app */ = {isa = PBXFileReference; explicitFileType = wrapper.application; includeInIndex = 0; path = ViewDragGestureDemo.app; sourceTree = BUILT_PRODUCTS_DIR; };
		8423C7FA259B05E400ABCA21 /* AppDelegate.swift */ = {isa = PBXFileReference; lastKnownFileType = sourcecode.swift; path = AppDelegate.swift; sourceTree = "<group>"; };
		8423C7FC259B05E400ABCA21 /* SceneDelegate.swift */ = {isa = PBXFileReference; lastKnownFileType = sourcecode.swift; path = SceneDelegate.swift; sourceTree = "<group>"; };
		8423C7FE259B05E400ABCA21 /* ViewController.swift */ = {isa = PBXFileReference; lastKnownFileType = sourcecode.swift; path = ViewController.swift; sourceTree = "<group>"; };
		8423C801259B05E400ABCA21 /* Base */ = {isa = PBXFileReference; lastKnownFileType = file.storyboard; name = Base; path = Base.lproj/Main.storyboard; sourceTree = "<group>"; };
		8423C803259B05E700ABCA21 /* Assets.xcassets */ = {isa = PBXFileReference; lastKnownFileType = folder.assetcatalog; path = Assets.xcassets; sourceTree = "<group>"; };
		8423C806259B05E700ABCA21 /* Base */ = {isa = PBXFileReference; lastKnownFileType = file.storyboard; name = Base; path = Base.lproj/LaunchScreen.storyboard; sourceTree = "<group>"; };
		8423C808259B05E700ABCA21 /* Info.plist */ = {isa = PBXFileReference; lastKnownFileType = text.plist.xml; path = Info.plist; sourceTree = "<group>"; };
		8423C813259B068500ABCA21 /* CommentPopView.swift */ = {isa = PBXFileReference; lastKnownFileType = sourcecode.swift; path = CommentPopView.swift; sourceTree = "<group>"; };
		8423C816259B06A600ABCA21 /* CommentContainerView.swift */ = {isa = PBXFileReference; lastKnownFileType = sourcecode.swift; path = CommentContainerView.swift; sourceTree = "<group>"; };
/* End PBXFileReference section */

/* Begin PBXFrameworksBuildPhase section */
		8423C7F4259B05E400ABCA21 /* Frameworks */ = {
			isa = PBXFrameworksBuildPhase;
			buildActionMask = 2147483647;
			files = (
			);
			runOnlyForDeploymentPostprocessing = 0;
		};
/* End PBXFrameworksBuildPhase section */

/* Begin PBXGroup section */
		8423C7EE259B05E300ABCA21 = {
			isa = PBXGroup;
			children = (
				8423C7F9259B05E400ABCA21 /* ViewDragGestureDemo */,
				8423C7F8259B05E400ABCA21 /* Products */,
			);
			sourceTree = "<group>";
		};
		8423C7F8259B05E400ABCA21 /* Products */ = {
			isa = PBXGroup;
			children = (
				8423C7F7259B05E400ABCA21 /* ViewDragGestureDemo.app */,
			);
			name = Products;
			sourceTree = "<group>";
		};
		8423C7F9259B05E400ABCA21 /* ViewDragGestureDemo */ = {
			isa = PBXGroup;
			children = (
				8423C7FA259B05E400ABCA21 /* AppDelegate.swift */,
				8423C7FC259B05E400ABCA21 /* SceneDelegate.swift */,
				8423C7FE259B05E400ABCA21 /* ViewController.swift */,
				8423C813259B068500ABCA21 /* CommentPopView.swift */,
				8423C816259B06A600ABCA21 /* CommentContainerView.swift */,
				8423C800259B05E400ABCA21 /* Main.storyboard */,
				8423C803259B05E700ABCA21 /* Assets.xcassets */,
				8423C805259B05E700ABCA21 /* LaunchScreen.storyboard */,
				8423C808259B05E700ABCA21 /* Info.plist */,
			);
			path = ViewDragGestureDemo;
			sourceTree = "<group>";
		};
/* End PBXGroup section */

/* Begin PBXNativeTarget section */
		8423C7F6259B05E400ABCA21 /* ViewDragGestureDemo */ = {
			isa = PBXNativeTarget;
			buildConfigurationList = 8423C80B259B05E700ABCA21 /* Build configuration list for PBXNativeTarget "ViewDragGestureDemo" */;
			buildPhases = (
				8423C7F3259B05E400ABCA21 /* Sources */,
				8423C7F4259B05E400ABCA21 /* Frameworks */,
				8423C7F5259B05E400ABCA21 /* Resources */,
			);
			buildRules = (
			);
			dependencies = (
			);
			name = ViewDragGestureDemo;
			productName = ViewDragGestureDemo;
			productReference = 8423C7F7259B05E400ABCA21 /* ViewDragGestureDemo.app */;
			productType = "com.apple.product-type.application";
		};
/* End PBXNativeTarget section */

/* Begin PBXProject section */
		8423C7EF259B05E300ABCA21 /* Project object */ = {
			isa = PBXProject;
			attributes = {
				LastSwiftUpdateCheck = 1230;
				LastUpgradeCheck = 1230;
				TargetAttributes = {
					8423C7F6259B05E400ABCA21 = {
						CreatedOnToolsVersion = 12.3;
					};
				};
			};
			buildConfigurationList = 8423C7F2259B05E300ABCA21 /* Build configuration list for PBXProject "ViewDragGestureDemo" */;
			compatibilityVersion = "Xcode 9.3";
			developmentRegion = en;
			hasScannedForEncodings = 0;
			knownRegions = (
				en,
				Base,
			);
			mainGroup = 8423C7EE259B05E300ABCA21;
			productRefGroup = 8423C7F8259B05E400ABCA21 /* Products */;
			projectDirPath = "";
			projectRoot = "";
			targets = (
				8423C7F6259B05E400ABCA21 /* ViewDragGestureDemo */,
			);
		};
/* End PBXProject section */

/* Begin PBXResourcesBuildPhase section */
		8423C7F5259B05E400ABCA21 /* Resources */ = {
			isa = PBXResourcesBuildPhase;
			buildActionMask = 2147483647;
			files = (
				8423C807259B05E700ABCA21 /* LaunchScreen.storyboard in Resources */,
				8423C804259B05E700ABCA21 /* Assets.xcassets in Resources */,
				8423C802259B05E400ABCA21 /* Main.storyboard in Resources */,
			);
			runOnlyForDeploymentPostprocessing = 0;
		};
/* End PBXResourcesBuildPhase section */

/* Begin PBXSourcesBuildPhase section */
		8423C7F3259B05E400ABCA21 /* Sources */ = {
			isa = PBXSourcesBuildPhase;
			buildActionMask = 2147483647;
			files = (
				8423C814259B068500ABCA21 /* CommentPopView.swift in Sources */,
				8423C7FF259B05E400ABCA21 /* ViewController.swift in Sources */,
				8423C7FB259B05E400ABCA21 /* AppDelegate.swift in Sources */,
				8423C7FD259B05E400ABCA21 /* SceneDelegate.swift in Sources */,
				8423C817259B06A600ABCA21 /* CommentContainerView.swift in Sources */,
			);
			runOnlyForDeploymentPostprocessing = 0;
		};
/* End PBXSourcesBuildPhase section */

/* Begin PBXVariantGroup section */
		8423C800259B05E400ABCA21 /* Main.storyboard */ = {
			isa = PBXVariantGroup;
			children = (
				8423C801259B05E400ABCA21 /* Base */,
			);
			name = Main.storyboard;
			sourceTree = "<group>";
		};
		8423C805259B05E700ABCA21 /* LaunchScreen.storyboard */ = {
			isa = PBXVariantGroup;
			children = (
				8423C806259B05E700ABCA21 /* Base */,
			);
			name = LaunchScreen.storyboard;
			sourceTree = "<group>";
		};
/* End PBXVariantGroup section */

/* Begin XCBuildConfiguration section */
		8423C809259B05E700ABCA21 /* Debug */ = {
			isa = XCBuildConfiguration;
			buildSettings = {
				ALWAYS_SEARCH_USER_PATHS = NO;
				CLANG_ANALYZER_NONNULL = YES;
				CLANG_ANALYZER_NUMBER_OBJECT_CONVERSION = YES_AGGRESSIVE;
				CLANG_CXX_LANGUAGE_STANDARD = "gnu++14";
				CLANG_CXX_LIBRARY = "libc++";
				CLANG_ENABLE_MODULES = YES;
				CLANG_ENABLE_OBJC_ARC = YES;
				CLANG_ENABLE_OBJC_WEAK = YES;
				CLANG_WARN_BLOCK_CAPTURE_AUTORELEASING = YES;
				CLANG_WARN_BOOL_CONVERSION = YES;
				CLANG_WARN_COMMA = YES;
				CLANG_WARN_CONSTANT_CONVERSION = YES;
				CLANG_WARN_DEPRECATED_OBJC_IMPLEMENTATIONS = YES;
				CLANG_WARN_DIRECT_OBJC_ISA_USAGE = YES_ERROR;
				CLANG_WARN_DOCUMENTATION_COMMENTS = YES;
				CLANG_WARN_EMPTY_BODY = YES;
				CLANG_WARN_ENUM_CONVERSION = YES;
				CLANG_WARN_INFINITE_RECURSION = YES;
				CLANG_WARN_INT_CONVERSION = YES;
				CLANG_WARN_NON_LITERAL_NULL_CONVERSION = YES;
				CLANG_WARN_OBJC_IMPLICIT_RETAIN_SELF = YES;
				CLANG_WARN_OBJC_LITERAL_CONVERSION = YES;
				CLANG_WARN_OBJC_ROOT_CLASS = YES_ERROR;
				CLANG_WARN_QUOTED_INCLUDE_IN_FRAMEWORK_HEADER = YES;
				CLANG_WARN_RANGE_LOOP_ANALYSIS = YES;
				CLANG_WARN_STRICT_PROTOTYPES = YES;
				CLANG_WARN_SUSPICIOUS_MOVE = YES;
				CLANG_WARN_UNGUARDED_AVAILABILITY = YES_AGGRESSIVE;
				CLANG_WARN_UNREACHABLE_CODE = YES;
				CLANG_WARN__DUPLICATE_METHOD_MATCH = YES;
				COPY_PHASE_STRIP = NO;
				DEBUG_INFORMATION_FORMAT = dwarf;
				ENABLE_STRICT_OBJC_MSGSEND = YES;
				ENABLE_TESTABILITY = YES;
				GCC_C_LANGUAGE_STANDARD = gnu11;
				GCC_DYNAMIC_NO_PIC = NO;
				GCC_NO_COMMON_BLOCKS = YES;
				GCC_OPTIMIZATION_LEVEL = 0;
				GCC_PREPROCESSOR_DEFINITIONS = (
					"DEBUG=1",
					"$(inherited)",
				);
				GCC_WARN_64_TO_32_BIT_CONVERSION = YES;
				GCC_WARN_ABOUT_RETURN_TYPE = YES_ERROR;
				GCC_WARN_UNDECLARED_SELECTOR = YES;
				GCC_WARN_UNINITIALIZED_AUTOS = YES_AGGRESSIVE;
				GCC_WARN_UNUSED_FUNCTION = YES;
				GCC_WARN_UNUSED_VARIABLE = YES;
				IPHONEOS_DEPLOYMENT_TARGET = 14.3;
				MTL_ENABLE_DEBUG_INFO = INCLUDE_SOURCE;
				MTL_FAST_MATH = YES;
				ONLY_ACTIVE_ARCH = YES;
				SDKROOT = iphoneos;
				SWIFT_ACTIVE_COMPILATION_CONDITIONS = DEBUG;
				SWIFT_OPTIMIZATION_LEVEL = "-Onone";
			};
			name = Debug;
		};
		8423C80A259B05E700ABCA21 /* Release */ = {
			isa = XCBuildConfiguration;
			buildSettings = {
				ALWAYS_SEARCH_USER_PATHS = NO;
				CLANG_ANALYZER_NONNULL = YES;
				CLANG_ANALYZER_NUMBER_OBJECT_CONVERSION = YES_AGGRESSIVE;
				CLANG_CXX_LANGUAGE_STANDARD = "gnu++14";
				CLANG_CXX_LIBRARY = "libc++";
				CLANG_ENABLE_MODULES = YES;
				CLANG_ENABLE_OBJC_ARC = YES;
				CLANG_ENABLE_OBJC_WEAK = YES;
				CLANG_WARN_BLOCK_CAPTURE_AUTORELEASING = YES;
				CLANG_WARN_BOOL_CONVERSION = YES;
				CLANG_WARN_COMMA = YES;
				CLANG_WARN_CONSTANT_CONVERSION = YES;
				CLANG_WARN_DEPRECATED_OBJC_IMPLEMENTATIONS = YES;
				CLANG_WARN_DIRECT_OBJC_ISA_USAGE = YES_ERROR;
				CLANG_WARN_DOCUMENTATION_COMMENTS = YES;
				CLANG_WARN_EMPTY_BODY = YES;
				CLANG_WARN_ENUM_CONVERSION = YES;
				CLANG_WARN_INFINITE_RECURSION = YES;
				CLANG_WARN_INT_CONVERSION = YES;
				CLANG_WARN_NON_LITERAL_NULL_CONVERSION = YES;
				CLANG_WARN_OBJC_IMPLICIT_RETAIN_SELF = YES;
				CLANG_WARN_OBJC_LITERAL_CONVERSION = YES;
				CLANG_WARN_OBJC_ROOT_CLASS = YES_ERROR;
				CLANG_WARN_QUOTED_INCLUDE_IN_FRAMEWORK_HEADER = YES;
				CLANG_WARN_RANGE_LOOP_ANALYSIS = YES;
				CLANG_WARN_STRICT_PROTOTYPES = YES;
				CLANG_WARN_SUSPICIOUS_MOVE = YES;
				CLANG_WARN_UNGUARDED_AVAILABILITY = YES_AGGRESSIVE;
				CLANG_WARN_UNREACHABLE_CODE = YES;
				CLANG_WARN__DUPLICATE_METHOD_MATCH = YES;
				COPY_PHASE_STRIP = NO;
				DEBUG_INFORMATION_FORMAT = "dwarf-with-dsym";
				ENABLE_NS_ASSERTIONS = NO;
				ENABLE_STRICT_OBJC_MSGSEND = YES;
				GCC_C_LANGUAGE_STANDARD = gnu11;
				GCC_NO_COMMON_BLOCKS = YES;
				GCC_WARN_64_TO_32_BIT_CONVERSION = YES;
				GCC_WARN_ABOUT_RETURN_TYPE = YES_ERROR;
				GCC_WARN_UNDECLARED_SELECTOR = YES;
				GCC_WARN_UNINITIALIZED_AUTOS = YES_AGGRESSIVE;
				GCC_WARN_UNUSED_FUNCTION = YES;
				GCC_WARN_UNUSED_VARIABLE = YES;
				IPHONEOS_DEPLOYMENT_TARGET = 14.3;
				MTL_ENABLE_DEBUG_INFO = NO;
				MTL_FAST_MATH = YES;
				SDKROOT = iphoneos;
				SWIFT_COMPILATION_MODE = wholemodule;
				SWIFT_OPTIMIZATION_LEVEL = "-O";
				VALIDATE_PRODUCT = YES;
			};
			name = Release;
		};
		8423C80C259B05E700ABCA21 /* Debug */ = {
			isa = XCBuildConfiguration;
			buildSettings = {
				ASSETCATALOG_COMPILER_APPICON_NAME = AppIcon;
				ASSETCATALOG_COMPILER_GLOBAL_ACCENT_COLOR_NAME = AccentColor;
				CODE_SIGN_STYLE = Automatic;
				INFOPLIST_FILE = ViewDragGestureDemo/Info.plist;
				LD_RUNPATH_SEARCH_PATHS = (
					"$(inherited)",
					"@executable_path/Frameworks",
				);
				PRODUCT_BUNDLE_IDENTIFIER = RJ.ViewDragGestureDemo;
				PRODUCT_NAME = "$(TARGET_NAME)";
				SWIFT_VERSION = 5.0;
				TARGETED_DEVICE_FAMILY = "1,2";
			};
			name = Debug;
		};
		8423C80D259B05E700ABCA21 /* Release */ = {
			isa = XCBuildConfiguration;
			buildSettings = {
				ASSETCATALOG_COMPILER_APPICON_NAME = AppIcon;
				ASSETCATALOG_COMPILER_GLOBAL_ACCENT_COLOR_NAME = AccentColor;
				CODE_SIGN_STYLE = Automatic;
				INFOPLIST_FILE = ViewDragGestureDemo/Info.plist;
				LD_RUNPATH_SEARCH_PATHS = (
					"$(inherited)",
					"@executable_path/Frameworks",
				);
				PRODUCT_BUNDLE_IDENTIFIER = RJ.ViewDragGestureDemo;
				PRODUCT_NAME = "$(TARGET_NAME)";
				SWIFT_VERSION = 5.0;
				TARGETED_DEVICE_FAMILY = "1,2";
			};
			name = Release;
		};
/* End XCBuildConfiguration section */

/* Begin XCConfigurationList section */
		8423C7F2259B05E300ABCA21 /* Build configuration list for PBXProject "ViewDragGestureDemo" */ = {
			isa = XCConfigurationList;
			buildConfigurations = (
				8423C809259B05E700ABCA21 /* Debug */,
				8423C80A259B05E700ABCA21 /* Release */,
			);
			defaultConfigurationIsVisible = 0;
			defaultConfigurationName = Release;
		};
		8423C80B259B05E700ABCA21 /* Build configuration list for PBXNativeTarget "ViewDragGestureDemo" */ = {
			isa = XCConfigurationList;
			buildConfigurations = (
				8423C80C259B05E700ABCA21 /* Debug */,
				8423C80D259B05E700ABCA21 /* Release */,
			);
			defaultConfigurationIsVisible = 0;
			defaultConfigurationName = Release;
		};
/* End XCConfigurationList section */
	};
	rootObject = 8423C7EF259B05E300ABCA21 /* Project object */;
}
